{
  "version": 2,
  "dependencies": {
    "net6.0": {
      "FluentValidation": {
        "type": "Direct",
        "requested": "[9.5.4, )",
        "resolved": "9.5.4",
        "contentHash": "dnAz4PUtSSa+8EGWDUmEZujOa9rvzxln4BgokZZfO2Gbcj0612TMISU4vkvL60qIy5DI/sDF9Oy1iMXr7sJW3A=="
      },
      "Microsoft.Extensions.Caching.Memory": {
        "type": "Direct",
        "requested": "[6.0.3, )",
        "resolved": "6.0.3",
        "contentHash": "GVNNcHoPDEUn4OQiBBGs5mE6nX7BA+LeQId9NeA+gB8xcbDUmFPAl8Er2ixNLbn4ffFr8t5jfMwdxgFG66k7BA==",
        "dependencies": {
          "Microsoft.Extensions.Caching.Abstractions": "6.0.1",
          "Microsoft.Extensions.DependencyInjection.Abstractions": "6.0.0",
          "Microsoft.Extensions.Logging.Abstractions": "6.0.4",
          "Microsoft.Extensions.Options": "6.0.1",
          "Microsoft.Extensions.Primitives": "6.0.1"
        }
      },
      "Microsoft.Extensions.DependencyInjection": {
        "type": "Direct",
        "requested": "[6.0.2, )",
        "resolved": "6.0.2",
        "contentHash": "gWUfUZ2ZDvwiVCxsOMComAhG43xstNWWVjV2takUZYRuDSJjO9Q5/b3tfOSkl5mcVwZAL3RZviRj5ZilxHghlw==",
        "dependencies": {
          "Microsoft.Extensions.DependencyInjection.Abstractions": "6.0.0"
        }
      },
      "Newtonsoft.Json": {
        "type": "Direct",
        "requested": "[13.0.4, )",
        "resolved": "13.0.4",
        "contentHash": "pdgNNMai3zv51W5aq268sujXUyx7SNdE2bj1wZcWjAQrKMFZV260lbqYop1d2GM67JI1huLRwxo9ZqnfF/lC6A=="
      },
      "NLog": {
        "type": "Direct",
        "requested": "[6.0.3, )",
        "resolved": "6.0.3",
        "contentHash": "5RMrpvadysflvDOi5ozD7aK1P+YL2DyZbQSxzE8qBKkw2pxPNOQA6vJtumcT6SuzE9qxhwGkQwMkLLaKnALwiw=="
      },
      "System.Security.Cryptography.ProtectedData": {
        "type": "Direct",
        "requested": "[6.0.0, )",
        "resolved": "6.0.0",
        "contentHash": "rp1gMNEZpvx9vP0JW0oHLxlf8oSiQgtno77Y4PLUBjSiDYoD77Y8uXHr1Ea5XG4/pIKhqAdxZ8v8OTUtqo9PeQ=="
      },
      "Microsoft.Extensions.Configuration": {
        "type": "Transitive",
        "resolved": "6.0.2",
        "contentHash": "2dpWx3Lxqq1lzLa9pY4lTOl6xg7VL45z0oe3r1xfXM0nQzR9XpuuMdk54B1LrC/AsyKbOukry+pdoQ7M7e/ezg==",
        "dependencies": {
          "Microsoft.Extensions.Configuration.Abstractions": "6.0.1",
          "Microsoft.Extensions.Primitives": "6.0.1"
        }
      },
      "Microsoft.Extensions.Configuration.Abstractions": {
        "type": "Transitive",
        "resolved": "6.0.1",
        "contentHash": "+FhuIM7bE3CyzhhIju6K1pmcDAp4ez2PKwx8jnV4dEI/LXXBGdQbDijlaQWqMa1oC38DX390bSshQVaKXioiXA==",
        "dependencies": {
          "Microsoft.Extensions.Primitives": "6.0.1"
        }
      },
      "Microsoft.Extensions.Configuration.Binder": {
        "type": "Transitive",
        "resolved": "6.0.1",
        "contentHash": "akSVfaHcxSSlSjC/dVpHbPLDHvYd/l/x0dlp2v+9zQVtSaSH3BIfO8AXvGgDEN/VPCCGeHigfflqkH3v6+RI4Q==",
        "dependencies": {
          "Microsoft.Extensions.Configuration.Abstractions": "6.0.1"
        }
      },
      "Microsoft.Extensions.Configuration.EnvironmentVariables": {
        "type": "Transitive",
        "resolved": "6.0.2",
        "contentHash": "f/uubJNTfLrV1dZoH0mxea0h6qeYEfX9q44k/zofo/mL2E3d+nATns4r3qKOzjrJeyVxsi/fKI67bvcE24bcSQ==",
        "dependencies": {
          "Microsoft.Extensions.Configuration": "6.0.2",
          "Microsoft.Extensions.Configuration.Abstractions": "6.0.1"
        }
      },
      "Microsoft.Extensions.Configuration.FileExtensions": {
        "type": "Transitive",
        "resolved": "6.0.1",
        "contentHash": "2jaVZJqN6BvEV9DR/gqOnZUY1jjA/NaUcyJVl7Mp3Uvb9N0YE2uSJ6bdmiKxocsiGZxpfjqBe0SRISCCKhVecw==",
        "dependencies": {
          "Microsoft.Extensions.Configuration": "6.0.2",
          "Microsoft.Extensions.Configuration.Abstractions": "6.0.1",
          "Microsoft.Extensions.FileProviders.Abstractions": "6.0.1",
          "Microsoft.Extensions.FileProviders.Physical": "6.0.1",
          "Microsoft.Extensions.Primitives": "6.0.1"
        }
      },
      "Microsoft.Extensions.Configuration.Json": {
        "type": "Transitive",
        "resolved": "6.0.1",
        "contentHash": "1jgLdq/UXJ71TE0toUF5VPn7yYaeyiN9sAdX2EZ6Z5DbUiWUKcMRAS5biExfu/ChYMvlGH/7ZlJijPY0zB1Vhg==",
        "dependencies": {
          "Microsoft.Extensions.Configuration": "6.0.2",
          "Microsoft.Extensions.Configuration.Abstractions": "6.0.1",
          "Microsoft.Extensions.Configuration.FileExtensions": "6.0.1",
          "Microsoft.Extensions.FileProviders.Abstractions": "6.0.1",
          "System.Text.Json": "6.0.11"
        }
      },
      "Microsoft.Extensions.FileProviders.Abstractions": {
        "type": "Transitive",
        "resolved": "6.0.1",
        "contentHash": "Kr8S/Uunxsjyhh5D91avbME3pITDrVYp/NACiymemtwhnvxpe82Jmr99cnPqiVridg2nIkcNNRVKzl/iP5/00g==",
        "dependencies": {
          "Microsoft.Extensions.Primitives": "6.0.1"
        }
      },
      "Microsoft.Extensions.FileProviders.Physical": {
        "type": "Transitive",
        "resolved": "6.0.1",
        "contentHash": "k9h04ZJiQ7mr4hsLNCUc/CL4AwOAHKq0uam4JBfeZ33XSU5MHxn7l7Vpf+T5sd5HXI7us1MGrkB5awqfg5xyHw==",
        "dependencies": {
          "Microsoft.Extensions.FileProviders.Abstractions": "6.0.1",
          "Microsoft.Extensions.FileSystemGlobbing": "6.0.0",
          "Microsoft.Extensions.Primitives": "6.0.1"
        }
      },
      "Microsoft.Extensions.FileSystemGlobbing": {
        "type": "Transitive",
        "resolved": "6.0.0",
        "contentHash": "ip8jnL1aPiaPeKINCqaTEbvBFDmVx9dXQEBZ2HOBRXPD1eabGNqP/bKlsIcp7U2lGxiXd5xIhoFcmY8nM4Hdiw=="
      },
      "Microsoft.Extensions.Http": {
        "type": "Transitive",
        "resolved": "6.0.1",
        "contentHash": "3cgMAF+GGuM4kHynx+fhcshwc5NWJxFO3jM9h2IBBdaapvSPOTpoYzg5v0J4fA5Uqg8KcjR0MXHMOWb2g1Rbvg==",
        "dependencies": {
          "Microsoft.Extensions.DependencyInjection.Abstractions": "6.0.0",
          "Microsoft.Extensions.Logging": "6.0.1",
          "Microsoft.Extensions.Logging.Abstractions": "6.0.4",
          "Microsoft.Extensions.Options": "6.0.1"
        }
      },
      "Microsoft.Extensions.Logging": {
        "type": "Transitive",
        "resolved": "6.0.1",
        "contentHash": "k6tbYaHrqY9kq7p5FfpPbddY1OImPCpXQ/PGcED6N9s5ULRp8n1PdmMzsIwIzCnhIS5bs06G/lO9LfNVpUj8jg==",
        "dependencies": {
          "Microsoft.Extensions.DependencyInjection": "6.0.2",
          "Microsoft.Extensions.DependencyInjection.Abstractions": "6.0.0",
          "Microsoft.Extensions.Logging.Abstractions": "6.0.4",
          "Microsoft.Extensions.Options": "6.0.1",
          "System.Diagnostics.DiagnosticSource": "6.0.2"
        }
      },
      "Microsoft.Extensions.Logging.Configuration": {
        "type": "Transitive",
        "resolved": "6.0.1",
        "contentHash": "iNI0uaD3Xf/YNxHGkafYUnEwfeRInW8oAq62gc5NgHDCBTKTe0UQAZ4rbcXbwFDzM5B4yjUc23TbNN72/66aAg==",
        "dependencies": {
          "Microsoft.Extensions.Configuration": "6.0.2",
          "Microsoft.Extensions.Configuration.Abstractions": "6.0.1",
          "Microsoft.Extensions.Configuration.Binder": "6.0.1",
          "Microsoft.Extensions.DependencyInjection.Abstractions": "6.0.0",
          "Microsoft.Extensions.Logging": "6.0.1",
          "Microsoft.Extensions.Logging.Abstractions": "6.0.4",
          "Microsoft.Extensions.Options": "6.0.1",
          "Microsoft.Extensions.Options.ConfigurationExtensions": "6.0.1"
        }
      },
      "Microsoft.Extensions.Logging.Console": {
        "type": "Transitive",
        "resolved": "6.0.1",
        "contentHash": "lfcXwCTvUpBqP1tRtvgeNI8YzVPfiQ+QNCXL5YIcvR7ADjU/vni5u0RjS9y9EpllnpAzeXPYZhMp5owtY7ZDfA==",
        "dependencies": {
          "Microsoft.Extensions.DependencyInjection.Abstractions": "6.0.0",
          "Microsoft.Extensions.Logging": "6.0.1",
          "Microsoft.Extensions.Logging.Abstractions": "6.0.4",
          "Microsoft.Extensions.Logging.Configuration": "6.0.1",
          "Microsoft.Extensions.Options": "6.0.1"
        }
      },
      "Microsoft.Extensions.Options.ConfigurationExtensions": {
        "type": "Transitive",
        "resolved": "6.0.1",
        "contentHash": "ad1cS1bEAM0mDZaNQhltnq9UctgWputuL4GnxsX4Dugkk1as6bcSLQdHJQjacP6DgTS3utZY1bZXfry9GvAx4Q==",
        "dependencies": {
          "Microsoft.Extensions.Configuration.Abstractions": "6.0.1",
          "Microsoft.Extensions.Configuration.Binder": "6.0.1",
          "Microsoft.Extensions.DependencyInjection.Abstractions": "6.0.0",
          "Microsoft.Extensions.Options": "6.0.1",
          "Microsoft.Extensions.Primitives": "6.0.1"
        }
      },
      "System.Text.Json": {
        "type": "Transitive",
        "resolved": "6.0.11",
        "contentHash": "xqC1HIbJMBFhrpYs76oYP+NAskNVjc6v73HqLal7ECRDPIp4oRU5pPavkD//vNactCn9DA2aaald/I5N+uZ5/g=="
      },
      "TagLibSharp-Lidarr": {
        "type": "Transitive",
        "resolved": "2.2.0.27",
        "contentHash": "4jGItiJL0XFjELafwqU79OyhTD7Nr8z0tg1/e43ih/Cm9+IhjurPQqMHDOSy4btinplwb0MBC16Iwv4C1UFgnQ=="
      },
      "lidarr.plugin.abstractions": {
        "type": "Project",
        "dependencies": {
          "Microsoft.Extensions.Logging.Abstractions": "[6.0.0, )",
          "System.Text.Json": "[6.0.11, )"
        }
      },
      "lidarr.plugin.common": {
        "type": "Project",
        "dependencies": {
          "FluentValidation": "[9.5.4, )",
          "Lidarr.Plugin.Abstractions": "[1.1.7, )",
          "Microsoft.Extensions.Caching.Memory": "[6.0.3, )",
          "Microsoft.Extensions.Configuration": "[6.0.2, )",
          "Microsoft.Extensions.Configuration.EnvironmentVariables": "[6.0.2, )",
          "Microsoft.Extensions.Configuration.Json": "[6.0.1, )",
          "Microsoft.Extensions.DependencyInjection": "[6.0.2, )",
          "Microsoft.Extensions.Http": "[6.0.1, )",
          "Microsoft.Extensions.Logging": "[6.0.1, )",
          "Microsoft.Extensions.Logging.Console": "[6.0.1, )",
          "System.Text.Json": "[6.0.11, )",
          "TagLibSharp-Lidarr": "[2.2.0.27, )"
        }
      },
      "Microsoft.Extensions.Caching.Abstractions": {
        "type": "CentralTransitive",
        "requested": "[7.0.0, )",
        "resolved": "6.0.1",
        "contentHash": "zEtKmOJ3sZ9YxRgvgLtoQsqO069Kqp0aC6Ai+DkyE5uahtu1ynvuoDVFQgyyhVcJWnxCzZHax/3AodvAx2mhjA==",
        "dependencies": {
          "Microsoft.Extensions.Primitives": "6.0.1"
        }
      },
      "Microsoft.Extensions.DependencyInjection.Abstractions": {
        "type": "CentralTransitive",
        "requested": "[7.0.0, )",
        "resolved": "6.0.0",
        "contentHash": "xlzi2IYREJH3/m6+lUrQlujzX8wDitm4QGnUu6kUXTQAWPuZY8i+ticFJbzfqaetLA6KR/rO6Ew/HuYD+bxifg=="
      },
      "Microsoft.Extensions.Logging.Abstractions": {
        "type": "CentralTransitive",
        "requested": "[7.0.0, )",
        "resolved": "6.0.4",
        "contentHash": "K14wYgwOfKVELrUh5eBqlC8Wvo9vvhS3ZhIvcswV2uS/ubkTRPSQsN557EZiYUSSoZNxizG+alN4wjtdyLdcyw=="
      },
      "Microsoft.Extensions.Options": {
        "type": "CentralTransitive",
        "requested": "[7.0.0, )",
        "resolved": "6.0.1",
        "contentHash": "v5rh5jRcLBOKOaLVyYCm4TY/RoJlxWsW7N2TAPkmlHe55/0cB0Syp979x4He1+MIXsaTvJl1WOc7b1D1PSsO3A==",
        "dependencies": {
          "Microsoft.Extensions.DependencyInjection.Abstractions": "6.0.0",
          "Microsoft.Extensions.Primitives": "6.0.1"
        }
      },
      "Microsoft.Extensions.Primitives": {
        "type": "CentralTransitive",
        "requested": "[7.0.0, )",
        "resolved": "6.0.1",
        "contentHash": "zyJfttJduuQbGEsd/TgerUEdgzHgUn/6oFgeaE04DKUMs7bbzckV7Ci1QZxf/VyQAlG41gR/GjecEScuYoHCUg=="
      },
      "System.Diagnostics.DiagnosticSource": {
        "type": "CentralTransitive",
        "requested": "[7.0.2, )",
        "resolved": "6.0.2",
        "contentHash": "6tQaIexFycaotdGn23lf3XJ/eI1GOjQKIvQDRFN9N4pwoNsKnHuXccQ3lnQO6GX8KAb1ic+6ZofJmPdbUVwZag=="
      }
    }
  }
}
