{
  "version": 2,
  "dependencies": {
    "net6.0": {
      "Bogus": {
        "type": "Direct",
        "requested": "[35.6.5, )",
        "resolved": "35.6.5",
        "contentHash": "2FGZn+aAVHjmCgClgmGkTDBVZk0zkLvAKGaxEf5JL6b3i9JbHTE4wnuY4vHCuzlCmJdU6VZjgDfHwmYkQF8VAA=="
      },
      "coverlet.collector": {
        "type": "Direct",
        "requested": "[6.0.4, )",
        "resolved": "6.0.4",
        "contentHash": "lkhqpF8Pu2Y7IiN7OntbsTtdbpR1syMsm2F3IgX6ootA4ffRqWL5jF7XipHuZQTdVuWG/gVAAcf8mjk8Tz0xPg=="
      },
      "FluentAssertions": {
        "type": "Direct",
        "requested": "[8.8.0, )",
        "resolved": "8.8.0",
        "contentHash": "m0kwcqBwvVel03FuMa7Ozo/oTaxYbjeNlcOhQFkyQpwX/8wks6RNl/Jnn58DCZVs6c2oG1RsCZw7HfKSaxLm3w=="
      },
      "Microsoft.NET.Test.Sdk": {
        "type": "Direct",
        "requested": "[17.13.0, )",
        "resolved": "17.13.0",
        "contentHash": "W19wCPizaIC9Zh47w8wWI/yxuqR7/dtABwOrc8r2jX/8mUNxM2vw4fXDh+DJTeogxV+KzKwg5jNNGQVwf3LXyA==",
        "dependencies": {
          "Microsoft.CodeCoverage": "17.13.0",
          "Microsoft.TestPlatform.TestHost": "17.13.0"
        }
      },
      "Moq": {
        "type": "Direct",
        "requested": "[4.20.72, )",
        "resolved": "4.20.72",
        "contentHash": "EA55cjyNn8eTNWrgrdZJH5QLFp2L43oxl1tlkoYUKIE9pRwL784OWiTXeCV5ApS+AMYEAlt7Fo03A2XfouvHmQ==",
        "dependencies": {
          "Castle.Core": "5.1.1"
        }
      },
      "Newtonsoft.Json": {
        "type": "Direct",
        "requested": "[13.0.4, )",
        "resolved": "13.0.4",
        "contentHash": "pdgNNMai3zv51W5aq268sujXUyx7SNdE2bj1wZcWjAQrKMFZV260lbqYop1d2GM67JI1huLRwxo9ZqnfF/lC6A=="
      },
      "NLog": {
        "type": "Direct",
        "requested": "[6.0.3, )",
        "resolved": "6.0.3",
        "contentHash": "5RMrpvadysflvDOi5ozD7aK1P+YL2DyZbQSxzE8qBKkw2pxPNOQA6vJtumcT6SuzE9qxhwGkQwMkLLaKnALwiw=="
      },
      "System.Configuration.ConfigurationManager": {
        "type": "Direct",
        "requested": "[6.0.1, )",
        "resolved": "6.0.1",
        "contentHash": "jXw9MlUu/kRfEU0WyTptAVueupqIeE3/rl0EZDMlf8pcvJnitQ8HeVEp69rZdaStXwTV72boi/Bhw8lOeO+U2w==",
        "dependencies": {
          "System.Security.Cryptography.ProtectedData": "6.0.0",
          "System.Security.Permissions": "6.0.0"
        }
      },
      "xunit": {
        "type": "Direct",
        "requested": "[2.9.3, )",
        "resolved": "2.9.3",
        "contentHash": "TlXQBinK35LpOPKHAqbLY4xlEen9TBafjs0V5KnA4wZsoQLQJiirCR4CbIXvOH8NzkW4YeJKP5P/Bnrodm0h9Q==",
        "dependencies": {
          "xunit.analyzers": "1.18.0",
          "xunit.assert": "2.9.3",
          "xunit.core": "[2.9.3]"
        }
      },
      "xunit.runner.visualstudio": {
        "type": "Direct",
        "requested": "[3.0.2, )",
        "resolved": "3.0.2",
        "contentHash": "oXbusR6iPq0xlqoikjdLvzh+wQDkMv9If58myz9MEzldS4nIcp442Btgs2sWbYWV+caEluMe2pQCZ0hUZgPiow=="
      },
      "Castle.Core": {
        "type": "Transitive",
        "resolved": "5.1.1",
        "contentHash": "rpYtIczkzGpf+EkZgDr9CClTdemhsrwA/W5hMoPjLkRFnXzH44zDLoovXeKtmxb1ykXK9aJVODSpiJml8CTw2g==",
        "dependencies": {
          "System.Diagnostics.EventLog": "6.0.0"
        }
      },
      "Microsoft.CodeCoverage": {
        "type": "Transitive",
        "resolved": "17.13.0",
        "contentHash": "9LIUy0y+DvUmEPtbRDw6Bay3rzwqFV8P4efTrK4CZhQle3M/QwLPjISghfcolmEGAPWxuJi6m98ZEfk4VR4Lfg=="
      },
      "Microsoft.Extensions.Configuration": {
        "type": "Transitive",
        "resolved": "6.0.2",
        "contentHash": "2dpWx3Lxqq1lzLa9pY4lTOl6xg7VL45z0oe3r1xfXM0nQzR9XpuuMdk54B1LrC/AsyKbOukry+pdoQ7M7e/ezg==",
        "dependencies": {
          "Microsoft.Extensions.Configuration.Abstractions": "6.0.1",
          "Microsoft.Extensions.Primitives": "6.0.1"
        }
      },
      "Microsoft.Extensions.Configuration.Abstractions": {
        "type": "Transitive",
        "resolved": "6.0.1",
        "contentHash": "+FhuIM7bE3CyzhhIju6K1pmcDAp4ez2PKwx8jnV4dEI/LXXBGdQbDijlaQWqMa1oC38DX390bSshQVaKXioiXA==",
        "dependencies": {
          "Microsoft.Extensions.Primitives": "6.0.1"
        }
      },
      "Microsoft.Extensions.Configuration.Binder": {
        "type": "Transitive",
        "resolved": "6.0.1",
        "contentHash": "akSVfaHcxSSlSjC/dVpHbPLDHvYd/l/x0dlp2v+9zQVtSaSH3BIfO8AXvGgDEN/VPCCGeHigfflqkH3v6+RI4Q==",
        "dependencies": {
          "Microsoft.Extensions.Configuration.Abstractions": "6.0.1"
        }
      },
      "Microsoft.Extensions.Configuration.EnvironmentVariables": {
        "type": "Transitive",
        "resolved": "6.0.2",
        "contentHash": "f/uubJNTfLrV1dZoH0mxea0h6qeYEfX9q44k/zofo/mL2E3d+nATns4r3qKOzjrJeyVxsi/fKI67bvcE24bcSQ==",
        "dependencies": {
          "Microsoft.Extensions.Configuration": "6.0.2",
          "Microsoft.Extensions.Configuration.Abstractions": "6.0.1"
        }
      },
      "Microsoft.Extensions.Configuration.FileExtensions": {
        "type": "Transitive",
        "resolved": "6.0.1",
        "contentHash": "2jaVZJqN6BvEV9DR/gqOnZUY1jjA/NaUcyJVl7Mp3Uvb9N0YE2uSJ6bdmiKxocsiGZxpfjqBe0SRISCCKhVecw==",
        "dependencies": {
          "Microsoft.Extensions.Configuration": "6.0.2",
          "Microsoft.Extensions.Configuration.Abstractions": "6.0.1",
          "Microsoft.Extensions.FileProviders.Abstractions": "6.0.1",
          "Microsoft.Extensions.FileProviders.Physical": "6.0.1",
          "Microsoft.Extensions.Primitives": "6.0.1"
        }
      },
      "Microsoft.Extensions.Configuration.Json": {
        "type": "Transitive",
        "resolved": "6.0.1",
        "contentHash": "1jgLdq/UXJ71TE0toUF5VPn7yYaeyiN9sAdX2EZ6Z5DbUiWUKcMRAS5biExfu/ChYMvlGH/7ZlJijPY0zB1Vhg==",
        "dependencies": {
          "Microsoft.Extensions.Configuration": "6.0.2",
          "Microsoft.Extensions.Configuration.Abstractions": "6.0.1",
          "Microsoft.Extensions.Configuration.FileExtensions": "6.0.1",
          "Microsoft.Extensions.FileProviders.Abstractions": "6.0.1",
          "System.Text.Json": "6.0.11"
        }
      },
      "Microsoft.Extensions.FileProviders.Abstractions": {
        "type": "Transitive",
        "resolved": "6.0.1",
        "contentHash": "Kr8S/Uunxsjyhh5D91avbME3pITDrVYp/NACiymemtwhnvxpe82Jmr99cnPqiVridg2nIkcNNRVKzl/iP5/00g==",
        "dependencies": {
          "Microsoft.Extensions.Primitives": "6.0.1"
        }
      },
      "Microsoft.Extensions.FileProviders.Physical": {
        "type": "Transitive",
        "resolved": "6.0.1",
        "contentHash": "k9h04ZJiQ7mr4hsLNCUc/CL4AwOAHKq0uam4JBfeZ33XSU5MHxn7l7Vpf+T5sd5HXI7us1MGrkB5awqfg5xyHw==",
        "dependencies": {
          "Microsoft.Extensions.FileProviders.Abstractions": "6.0.1",
          "Microsoft.Extensions.FileSystemGlobbing": "6.0.0",
          "Microsoft.Extensions.Primitives": "6.0.1"
        }
      },
      "Microsoft.Extensions.FileSystemGlobbing": {
        "type": "Transitive",
        "resolved": "6.0.0",
        "contentHash": "ip8jnL1aPiaPeKINCqaTEbvBFDmVx9dXQEBZ2HOBRXPD1eabGNqP/bKlsIcp7U2lGxiXd5xIhoFcmY8nM4Hdiw=="
      },
      "Microsoft.Extensions.Http": {
        "type": "Transitive",
        "resolved": "6.0.1",
        "contentHash": "3cgMAF+GGuM4kHynx+fhcshwc5NWJxFO3jM9h2IBBdaapvSPOTpoYzg5v0J4fA5Uqg8KcjR0MXHMOWb2g1Rbvg==",
        "dependencies": {
          "Microsoft.Extensions.DependencyInjection.Abstractions": "6.0.0",
          "Microsoft.Extensions.Logging": "6.0.1",
          "Microsoft.Extensions.Logging.Abstractions": "6.0.4",
          "Microsoft.Extensions.Options": "6.0.1"
        }
      },
      "Microsoft.Extensions.Logging": {
        "type": "Transitive",
        "resolved": "6.0.1",
        "contentHash": "k6tbYaHrqY9kq7p5FfpPbddY1OImPCpXQ/PGcED6N9s5ULRp8n1PdmMzsIwIzCnhIS5bs06G/lO9LfNVpUj8jg==",
        "dependencies": {
          "Microsoft.Extensions.DependencyInjection": "6.0.2",
          "Microsoft.Extensions.DependencyInjection.Abstractions": "6.0.0",
          "Microsoft.Extensions.Logging.Abstractions": "6.0.4",
          "Microsoft.Extensions.Options": "6.0.1",
          "System.Diagnostics.DiagnosticSource": "6.0.2"
        }
      },
      "Microsoft.Extensions.Logging.Configuration": {
        "type": "Transitive",
        "resolved": "6.0.1",
        "contentHash": "iNI0uaD3Xf/YNxHGkafYUnEwfeRInW8oAq62gc5NgHDCBTKTe0UQAZ4rbcXbwFDzM5B4yjUc23TbNN72/66aAg==",
        "dependencies": {
          "Microsoft.Extensions.Configuration": "6.0.2",
          "Microsoft.Extensions.Configuration.Abstractions": "6.0.1",
          "Microsoft.Extensions.Configuration.Binder": "6.0.1",
          "Microsoft.Extensions.DependencyInjection.Abstractions": "6.0.0",
          "Microsoft.Extensions.Logging": "6.0.1",
          "Microsoft.Extensions.Logging.Abstractions": "6.0.4",
          "Microsoft.Extensions.Options": "6.0.1",
          "Microsoft.Extensions.Options.ConfigurationExtensions": "6.0.1"
        }
      },
      "Microsoft.Extensions.Logging.Console": {
        "type": "Transitive",
        "resolved": "6.0.1",
        "contentHash": "lfcXwCTvUpBqP1tRtvgeNI8YzVPfiQ+QNCXL5YIcvR7ADjU/vni5u0RjS9y9EpllnpAzeXPYZhMp5owtY7ZDfA==",
        "dependencies": {
          "Microsoft.Extensions.DependencyInjection.Abstractions": "6.0.0",
          "Microsoft.Extensions.Logging": "6.0.1",
          "Microsoft.Extensions.Logging.Abstractions": "6.0.4",
          "Microsoft.Extensions.Logging.Configuration": "6.0.1",
          "Microsoft.Extensions.Options": "6.0.1"
        }
      },
      "Microsoft.Extensions.Options.ConfigurationExtensions": {
        "type": "Transitive",
        "resolved": "6.0.1",
        "contentHash": "ad1cS1bEAM0mDZaNQhltnq9UctgWputuL4GnxsX4Dugkk1as6bcSLQdHJQjacP6DgTS3utZY1bZXfry9GvAx4Q==",
        "dependencies": {
          "Microsoft.Extensions.Configuration.Abstractions": "6.0.1",
          "Microsoft.Extensions.Configuration.Binder": "6.0.1",
          "Microsoft.Extensions.DependencyInjection.Abstractions": "6.0.0",
          "Microsoft.Extensions.Options": "6.0.1",
          "Microsoft.Extensions.Primitives": "6.0.1"
        }
      },
      "Microsoft.TestPlatform.ObjectModel": {
        "type": "Transitive",
        "resolved": "17.13.0",
        "contentHash": "bt0E0Dx+iqW97o4A59RCmUmz/5NarJ7LRL+jXbSHod72ibL5XdNm1Ke+UO5tFhBG4VwHLcSjqq9BUSblGNWamw==",
        "dependencies": {
          "System.Reflection.Metadata": "1.6.0"
        }
      },
      "Microsoft.TestPlatform.TestHost": {
        "type": "Transitive",
        "resolved": "17.13.0",
        "contentHash": "9GGw08Dc3AXspjekdyTdZ/wYWFlxbgcF0s7BKxzVX+hzAwpifDOdxM+ceVaaJSQOwqt3jtuNlHn3XTpKUS9x9Q==",
        "dependencies": {
          "Microsoft.TestPlatform.ObjectModel": "17.13.0",
          "Newtonsoft.Json": "13.0.1"
        }
      },
      "Microsoft.Win32.SystemEvents": {
        "type": "Transitive",
        "resolved": "6.0.0",
        "contentHash": "hqTM5628jSsQiv+HGpiq3WKBl2c8v1KZfby2J6Pr7pEPlK9waPdgEO6b8A/+/xn/yZ9ulv8HuqK71ONy2tg67A=="
      },
      "System.Diagnostics.EventLog": {
        "type": "Transitive",
        "resolved": "6.0.0",
        "contentHash": "lcyUiXTsETK2ALsZrX+nWuHSIQeazhqPphLfaRxzdGaG93+0kELqpgEHtwWOlQe7+jSFnKwaCAgL4kjeZCQJnw=="
      },
      "System.Drawing.Common": {
        "type": "Transitive",
        "resolved": "6.0.0",
        "contentHash": "NfuoKUiP2nUWwKZN6twGqXioIe1zVD0RIj2t976A+czLHr2nY454RwwXs6JU9Htc6mwqL6Dn/nEL3dpVf2jOhg==",
        "dependencies": {
          "Microsoft.Win32.SystemEvents": "6.0.0"
        }
      },
      "System.Reflection.Metadata": {
        "type": "Transitive",
        "resolved": "1.6.0",
        "contentHash": "COC1aiAJjCoA5GBF+QKL2uLqEBew4JsCkQmoHKbN3TlOZKa2fKLz5CpiRQKDz0RsAOEGsVKqOD5bomsXq/4STQ=="
      },
      "System.Security.AccessControl": {
        "type": "Transitive",
        "resolved": "6.0.0",
        "contentHash": "AUADIc0LIEQe7MzC+I0cl0rAT8RrTAKFHl53yHjEUzNVIaUlhFY11vc2ebiVJzVBuOzun6F7FBA+8KAbGTTedQ=="
      },
      "System.Security.Permissions": {
        "type": "Transitive",
        "resolved": "6.0.0",
        "contentHash": "T/uuc7AklkDoxmcJ7LGkyX1CcSviZuLCa4jg3PekfJ7SU0niF0IVTXwUiNVP9DSpzou2PpxJ+eNY2IfDM90ZCg==",
        "dependencies": {
          "System.Security.AccessControl": "6.0.0",
          "System.Windows.Extensions": "6.0.0"
        }
      },
      "System.Text.Json": {
        "type": "Transitive",
        "resolved": "6.0.11",
        "contentHash": "xqC1HIbJMBFhrpYs76oYP+NAskNVjc6v73HqLal7ECRDPIp4oRU5pPavkD//vNactCn9DA2aaald/I5N+uZ5/g=="
      },
      "System.Windows.Extensions": {
        "type": "Transitive",
        "resolved": "6.0.0",
        "contentHash": "IXoJOXIqc39AIe+CIR7koBtRGMiCt/LPM3lI+PELtDIy9XdyeSrwXFdWV9dzJ2Awl0paLWUaknLxFQ5HpHZUog==",
        "dependencies": {
          "System.Drawing.Common": "6.0.0"
        }
      },
      "TagLibSharp-Lidarr": {
        "type": "Transitive",
        "resolved": "2.2.0.27",
        "contentHash": "4jGItiJL0XFjELafwqU79OyhTD7Nr8z0tg1/e43ih/Cm9+IhjurPQqMHDOSy4btinplwb0MBC16Iwv4C1UFgnQ=="
      },
      "xunit.abstractions": {
        "type": "Transitive",
        "resolved": "2.0.3",
        "contentHash": "pot1I4YOxlWjIb5jmwvvQNbTrZ3lJQ+jUGkGjWE3hEFM0l5gOnBWS+H3qsex68s5cO52g+44vpGzhAt+42vwKg=="
      },
      "xunit.analyzers": {
        "type": "Transitive",
        "resolved": "1.18.0",
        "contentHash": "OtFMHN8yqIcYP9wcVIgJrq01AfTxijjAqVDy/WeQVSyrDC1RzBWeQPztL49DN2syXRah8TYnfvk035s7L95EZQ=="
      },
      "xunit.assert": {
        "type": "Transitive",
        "resolved": "2.9.3",
        "contentHash": "/Kq28fCE7MjOV42YLVRAJzRF0WmEqsmflm0cfpMjGtzQ2lR5mYVj1/i0Y8uDAOLczkL3/jArrwehfMD0YogMAA=="
      },
      "xunit.core": {
        "type": "Transitive",
        "resolved": "2.9.3",
        "contentHash": "BiAEvqGvyme19wE0wTKdADH+NloYqikiU0mcnmiNyXaF9HyHmE6sr/3DC5vnBkgsWaE6yPyWszKSPSApWdRVeQ==",
        "dependencies": {
          "xunit.extensibility.core": "[2.9.3]",
          "xunit.extensibility.execution": "[2.9.3]"
        }
      },
      "xunit.extensibility.core": {
        "type": "Transitive",
        "resolved": "2.9.3",
        "contentHash": "kf3si0YTn2a8J8eZNb+zFpwfoyvIrQ7ivNk5ZYA5yuYk1bEtMe4DxJ2CF/qsRgmEnDr7MnW1mxylBaHTZ4qErA==",
        "dependencies": {
          "xunit.abstractions": "2.0.3"
        }
      },
      "xunit.extensibility.execution": {
        "type": "Transitive",
        "resolved": "2.9.3",
        "contentHash": "yMb6vMESlSrE3Wfj7V6cjQ3S4TXdXpRqYeNEI3zsX31uTsGMJjEw6oD5F5u1cHnMptjhEECnmZSsPxB6ChZHDQ==",
        "dependencies": {
          "xunit.extensibility.core": "[2.9.3]"
        }
      },
      "brainarr.testkit.providers": {
        "type": "Project",
        "dependencies": {
          "Lidarr.Plugin.Brainarr": "[1.0.0, )",
          "NLog": "[6.0.3, )"
        }
      },
      "lidarr.plugin.abstractions": {
        "type": "Project",
        "dependencies": {
          "Microsoft.Extensions.Logging.Abstractions": "[6.0.0, )",
          "System.Text.Json": "[6.0.11, )"
        }
      },
      "Lidarr.Plugin.Brainarr": {
        "type": "Project",
        "dependencies": {
          "FluentValidation": "[9.5.4, )",
          "Lidarr.Plugin.Common": "[1.1.7-rc.1, )",
          "Microsoft.Extensions.Caching.Memory": "[6.0.3, )",
          "Microsoft.Extensions.DependencyInjection": "[6.0.2, )",
          "NLog": "[6.0.3, )",
          "Newtonsoft.Json": "[13.0.4, )",
          "System.Security.Cryptography.ProtectedData": "[6.0.0, )"
        }
      },
      "lidarr.plugin.common": {
        "type": "Project",
        "dependencies": {
          "FluentValidation": "[9.5.4, )",
          "Lidarr.Plugin.Abstractions": "[1.1.7, )",
          "Microsoft.Extensions.Caching.Memory": "[6.0.3, )",
          "Microsoft.Extensions.Configuration": "[6.0.2, )",
          "Microsoft.Extensions.Configuration.EnvironmentVariables": "[6.0.2, )",
          "Microsoft.Extensions.Configuration.Json": "[6.0.1, )",
          "Microsoft.Extensions.DependencyInjection": "[6.0.2, )",
          "Microsoft.Extensions.Http": "[6.0.1, )",
          "Microsoft.Extensions.Logging": "[6.0.1, )",
          "Microsoft.Extensions.Logging.Console": "[6.0.1, )",
          "System.Text.Json": "[6.0.11, )",
          "TagLibSharp-Lidarr": "[2.2.0.27, )"
        }
      },
      "FluentValidation": {
        "type": "CentralTransitive",
        "requested": "[9.5.4, )",
        "resolved": "9.5.4",
        "contentHash": "dnAz4PUtSSa+8EGWDUmEZujOa9rvzxln4BgokZZfO2Gbcj0612TMISU4vkvL60qIy5DI/sDF9Oy1iMXr7sJW3A=="
      },
      "Microsoft.Extensions.Caching.Abstractions": {
        "type": "CentralTransitive",
        "requested": "[7.0.0, )",
        "resolved": "6.0.1",
        "contentHash": "zEtKmOJ3sZ9YxRgvgLtoQsqO069Kqp0aC6Ai+DkyE5uahtu1ynvuoDVFQgyyhVcJWnxCzZHax/3AodvAx2mhjA==",
        "dependencies": {
          "Microsoft.Extensions.Primitives": "6.0.1"
        }
      },
      "Microsoft.Extensions.Caching.Memory": {
        "type": "CentralTransitive",
        "requested": "[6.0.3, )",
        "resolved": "6.0.3",
        "contentHash": "GVNNcHoPDEUn4OQiBBGs5mE6nX7BA+LeQId9NeA+gB8xcbDUmFPAl8Er2ixNLbn4ffFr8t5jfMwdxgFG66k7BA==",
        "dependencies": {
          "Microsoft.Extensions.Caching.Abstractions": "6.0.1",
          "Microsoft.Extensions.DependencyInjection.Abstractions": "6.0.0",
          "Microsoft.Extensions.Logging.Abstractions": "6.0.4",
          "Microsoft.Extensions.Options": "6.0.1",
          "Microsoft.Extensions.Primitives": "6.0.1"
        }
      },
      "Microsoft.Extensions.DependencyInjection": {
        "type": "CentralTransitive",
        "requested": "[6.0.2, )",
        "resolved": "6.0.2",
        "contentHash": "gWUfUZ2ZDvwiVCxsOMComAhG43xstNWWVjV2takUZYRuDSJjO9Q5/b3tfOSkl5mcVwZAL3RZviRj5ZilxHghlw==",
        "dependencies": {
          "Microsoft.Extensions.DependencyInjection.Abstractions": "6.0.0"
        }
      },
      "Microsoft.Extensions.DependencyInjection.Abstractions": {
        "type": "CentralTransitive",
        "requested": "[7.0.0, )",
        "resolved": "6.0.0",
        "contentHash": "xlzi2IYREJH3/m6+lUrQlujzX8wDitm4QGnUu6kUXTQAWPuZY8i+ticFJbzfqaetLA6KR/rO6Ew/HuYD+bxifg=="
      },
      "Microsoft.Extensions.Logging.Abstractions": {
        "type": "CentralTransitive",
        "requested": "[7.0.0, )",
        "resolved": "6.0.4",
        "contentHash": "K14wYgwOfKVELrUh5eBqlC8Wvo9vvhS3ZhIvcswV2uS/ubkTRPSQsN557EZiYUSSoZNxizG+alN4wjtdyLdcyw=="
      },
      "Microsoft.Extensions.Options": {
        "type": "CentralTransitive",
        "requested": "[7.0.0, )",
        "resolved": "6.0.1",
        "contentHash": "v5rh5jRcLBOKOaLVyYCm4TY/RoJlxWsW7N2TAPkmlHe55/0cB0Syp979x4He1+MIXsaTvJl1WOc7b1D1PSsO3A==",
        "dependencies": {
          "Microsoft.Extensions.DependencyInjection.Abstractions": "6.0.0",
          "Microsoft.Extensions.Primitives": "6.0.1"
        }
      },
      "Microsoft.Extensions.Primitives": {
        "type": "CentralTransitive",
        "requested": "[7.0.0, )",
        "resolved": "6.0.1",
        "contentHash": "zyJfttJduuQbGEsd/TgerUEdgzHgUn/6oFgeaE04DKUMs7bbzckV7Ci1QZxf/VyQAlG41gR/GjecEScuYoHCUg=="
      },
      "System.Diagnostics.DiagnosticSource": {
        "type": "CentralTransitive",
        "requested": "[7.0.2, )",
        "resolved": "6.0.2",
        "contentHash": "6tQaIexFycaotdGn23lf3XJ/eI1GOjQKIvQDRFN9N4pwoNsKnHuXccQ3lnQO6GX8KAb1ic+6ZofJmPdbUVwZag=="
      },
      "System.Security.Cryptography.ProtectedData": {
        "type": "CentralTransitive",
        "requested": "[6.0.0, )",
        "resolved": "6.0.0",
        "contentHash": "rp1gMNEZpvx9vP0JW0oHLxlf8oSiQgtno77Y4PLUBjSiDYoD77Y8uXHr1Ea5XG4/pIKhqAdxZ8v8OTUtqo9PeQ=="
      }
    }
  }
}